
Microsoft Visual Studio Solution File, Format Version 12.00
# Visual Studio Version 17
VisualStudioVersion = 17.0.31903.59
MinimumVisualStudioVersion = 10.0.40219.1
Project("{2150E333-8FDC-42A3-9474-1A3956D46DE8}") = "BuildInfo.Nuget", "BuildInfo.Nuget", "{32B75E84-49E6-AB2B-B975-B56E516CB3E8}"
EndProject
Project("{FAE04EC0-301F-11D3-BF4B-00C04F79EFBC}") = "BuildInfo", "BuildInfo.Nuget\BuildInfo.Nuget.csproj", "{167273B6-670C-4D0E-9CAA-23EA212C0970}"
EndProject
Project("{FAE04EC0-301F-11D3-BF4B-00C04F79EFBC}") = "BuildInfo.Sample", "BuildInfo.Sample\BuildInfo.Sample.csproj", "{D7DDAF32-D255-42A7-9D82-DCFFE4EC95BE}"
EndProject
Global
	GlobalSection(SolutionConfigurationPlatforms) = preSolution
		Debug|Any CPU = Debug|Any CPU
		Debug|x64 = Debug|x64
		Debug|x86 = Debug|x86
		Release|Any CPU = Release|Any CPU
		Release|x64 = Release|x64
		Release|x86 = Release|x86
	EndGlobalSection
	GlobalSection(ProjectConfigurationPlatforms) = postSolution
		{167273B6-670C-4D0E-9CAA-23EA212C0970}.Debug|Any CPU.ActiveCfg = Debug|Any CPU
		{167273B6-670C-4D0E-9CAA-23EA212C0970}.Debug|Any CPU.Build.0 = Debug|Any CPU
		{167273B6-670C-4D0E-9CAA-23EA212C0970}.Debug|x64.ActiveCfg = Debug|Any CPU
		{167273B6-670C-4D0E-9CAA-23EA212C0970}.Debug|x64.Build.0 = Debug|Any CPU
		{167273B6-670C-4D0E-9CAA-23EA212C0970}.Debug|x86.ActiveCfg = Debug|Any CPU
		{167273B6-670C-4D0E-9CAA-23EA212C0970}.Debug|x86.Build.0 = Debug|Any CPU
		{167273B6-670C-4D0E-9CAA-23EA212C0970}.Release|Any CPU.ActiveCfg = Release|Any CPU
		{167273B6-670C-4D0E-9CAA-23EA212C0970}.Release|Any CPU.Build.0 = Release|Any CPU
		{167273B6-670C-4D0E-9CAA-23EA212C0970}.Release|x64.ActiveCfg = Release|Any CPU
		{167273B6-670C-4D0E-9CAA-23EA212C0970}.Release|x64.Build.0 = Release|Any CPU
		{167273B6-670C-4D0E-9CAA-23EA212C0970}.Release|x86.ActiveCfg = Release|Any CPU
		{167273B6-670C-4D0E-9CAA-23EA212C0970}.Release|x86.Build.0 = Release|Any CPU
		{D7DDAF32-D255-42A7-9D82-DCFFE4EC95BE}.Debug|Any CPU.ActiveCfg = Debug|Any CPU
		{D7DDAF32-D255-42A7-9D82-DCFFE4EC95BE}.Debug|Any CPU.Build.0 = Debug|Any CPU
		{D7DDAF32-D255-42A7-9D82-DCFFE4EC95BE}.Debug|x64.ActiveCfg = Debug|Any CPU
		{D7DDAF32-D255-42A7-9D82-DCFFE4EC95BE}.Debug|x64.Build.0 = Debug|Any CPU
		{D7DDAF32-D255-42A7-9D82-DCFFE4EC95BE}.Debug|x86.ActiveCfg = Debug|Any CPU
		{D7DDAF32-D255-42A7-9D82-DCFFE4EC95BE}.Debug|x86.Build.0 = Debug|Any CPU
		{D7DDAF32-D255-42A7-9D82-DCFFE4EC95BE}.Release|Any CPU.ActiveCfg = Release|Any CPU
		{D7DDAF32-D255-42A7-9D82-DCFFE4EC95BE}.Release|Any CPU.Build.0 = Release|Any CPU
		{D7DDAF32-D255-42A7-9D82-DCFFE4EC95BE}.Release|x64.ActiveCfg = Release|Any CPU
		{D7DDAF32-D255-42A7-9D82-DCFFE4EC95BE}.Release|x64.Build.0 = Release|Any CPU
		{D7DDAF32-D255-42A7-9D82-DCFFE4EC95BE}.Release|x86.ActiveCfg = Release|Any CPU
		{D7DDAF32-D255-42A7-9D82-DCFFE4EC95BE}.Release|x86.Build.0 = Release|Any CPU
	EndGlobalSection
	GlobalSection(SolutionProperties) = preSolution
		HideSolutionNode = FALSE
	EndGlobalSection
	GlobalSection(NestedProjects) = preSolution
		{167273B6-670C-4D0E-9CAA-23EA212C0970} = {32B75E84-49E6-AB2B-B975-B56E516CB3E8}
	EndGlobalSection
EndGlobal
